
Microsoft Visual Studio Solution File, Format Version 12.00
# Visual Studio Version 16
VisualStudioVersion = 16.0.32428.217
MinimumVisualStudioVersion = 10.0.40219.1
Project("{FAE04EC0-301F-11D3-BF4B-00C04F79EFBC}") = "Practice_form_nunit_Testing", "Practice_form_nunit_Testing\Practice_form_nunit_Testing.csproj", "{384242A8-7120-40D5-ACF6-90F20E233CDC}"
EndProject
Global
	GlobalSection(SolutionConfigurationPlatforms) = preSolution
		Debug|Any CPU = Debug|Any CPU
		Release|Any CPU = Release|Any CPU
	EndGlobalSection
	GlobalSection(ProjectConfigurationPlatforms) = postSolution
		{384242A8-7120-40D5-ACF6-90F20E233CDC}.Debug|Any CPU.ActiveCfg = Debug|Any CPU
		{384242A8-7120-40D5-ACF6-90F20E233CDC}.Debug|Any CPU.Build.0 = Debug|Any CPU
		{384242A8-7120-40D5-ACF6-90F20E233CDC}.Release|Any CPU.ActiveCfg = Release|Any CPU
		{384242A8-7120-40D5-ACF6-90F20E233CDC}.Release|Any CPU.Build.0 = Release|Any CPU
	EndGlobalSection
	GlobalSection(SolutionProperties) = preSolution
		HideSolutionNode = FALSE
	EndGlobalSection
	GlobalSection(ExtensibilityGlobals) = postSolution
		SolutionGuid = {2912A084-4E28-47CB-A51D-5BFBA2EFD6E3}
	EndGlobalSection
EndGlobal
